
Microsoft Visual Studio Solution File, Format Version 12.00
# Visual Studio 2012
Project("{CC5FD16D-436D-48AD-A40C-5A424C6E3E79}") = "AzureWebFarm.OctopusDeploy.Example", "AzureWebFarm.OctopusDeploy.Example\AzureWebFarm.OctopusDeploy.Example.ccproj", "{4457CE61-E327-4C47-B0F8-1FDB4AFAE451}"
EndProject
Project("{FAE04EC0-301F-11D3-BF4B-00C04F79EFBC}") = "ExampleWebFarm", "ExampleWebFarm\ExampleWebFarm.csproj", "{46596A51-4879-4896-B27A-844F445E55E7}"
EndProject
Project("{2150E333-8FDC-42A3-9474-1A3956D46DE8}") = ".nuget", ".nuget", "{272569CE-7294-4FC0-9AA6-284372CEABF2}"
	ProjectSection(SolutionItems) = preProject
		.nuget\NuGet.Config = .nuget\NuGet.Config
		.nuget\NuGet.exe = .nuget\NuGet.exe
		.nuget\NuGet.targets = .nuget\NuGet.targets
	EndProjectSection
EndProject
Project("{FAE04EC0-301F-11D3-BF4B-00C04F79EFBC}") = "AzureWebFarm.OctopusDeploy", "AzureWebFarm.OctopusDeploy\AzureWebFarm.OctopusDeploy.csproj", "{52AB44C6-3EB8-4929-8DE0-B24C60B255A7}"
EndProject
Global
	GlobalSection(SolutionConfigurationPlatforms) = preSolution
		Debug|Any CPU = Debug|Any CPU
		Release|Any CPU = Release|Any CPU
	EndGlobalSection
	GlobalSection(ProjectConfigurationPlatforms) = postSolution
		{4457CE61-E327-4C47-B0F8-1FDB4AFAE451}.Debug|Any CPU.ActiveCfg = Debug|Any CPU
		{4457CE61-E327-4C47-B0F8-1FDB4AFAE451}.Debug|Any CPU.Build.0 = Debug|Any CPU
		{4457CE61-E327-4C47-B0F8-1FDB4AFAE451}.Release|Any CPU.ActiveCfg = Release|Any CPU
		{4457CE61-E327-4C47-B0F8-1FDB4AFAE451}.Release|Any CPU.Build.0 = Release|Any CPU
		{46596A51-4879-4896-B27A-844F445E55E7}.Debug|Any CPU.ActiveCfg = Debug|Any CPU
		{46596A51-4879-4896-B27A-844F445E55E7}.Debug|Any CPU.Build.0 = Debug|Any CPU
		{46596A51-4879-4896-B27A-844F445E55E7}.Release|Any CPU.ActiveCfg = Release|Any CPU
		{46596A51-4879-4896-B27A-844F445E55E7}.Release|Any CPU.Build.0 = Release|Any CPU
		{52AB44C6-3EB8-4929-8DE0-B24C60B255A7}.Debug|Any CPU.ActiveCfg = Debug|Any CPU
		{52AB44C6-3EB8-4929-8DE0-B24C60B255A7}.Debug|Any CPU.Build.0 = Debug|Any CPU
		{52AB44C6-3EB8-4929-8DE0-B24C60B255A7}.Release|Any CPU.ActiveCfg = Release|Any CPU
		{52AB44C6-3EB8-4929-8DE0-B24C60B255A7}.Release|Any CPU.Build.0 = Release|Any CPU
	EndGlobalSection
	GlobalSection(SolutionProperties) = preSolution
		HideSolutionNode = FALSE
	EndGlobalSection
EndGlobal
